
Microsoft Visual Studio Solution File, Format Version 12.00
# Visual Studio Version 17
VisualStudioVersion = 17.0.32112.339
MinimumVisualStudioVersion = 10.0.40219.1
Project("{FAE04EC0-301F-11D3-BF4B-00C04F79EFBC}") = "Calculadora.ConsoleApp", "Calculadora.ConsoleApp\Calculadora.ConsoleApp.csproj", "{97F80021-93DA-42C1-A38E-B82B21A18D25}"
EndProject
Global
	GlobalSection(SolutionConfigurationPlatforms) = preSolution
		Debug|Any CPU = Debug|Any CPU
		Release|Any CPU = Release|Any CPU
	EndGlobalSection
	GlobalSection(ProjectConfigurationPlatforms) = postSolution
		{97F80021-93DA-42C1-A38E-B82B21A18D25}.Debug|Any CPU.ActiveCfg = Debug|Any CPU
		{97F80021-93DA-42C1-A38E-B82B21A18D25}.Debug|Any CPU.Build.0 = Debug|Any CPU
		{97F80021-93DA-42C1-A38E-B82B21A18D25}.Release|Any CPU.ActiveCfg = Release|Any CPU
		{97F80021-93DA-42C1-A38E-B82B21A18D25}.Release|Any CPU.Build.0 = Release|Any CPU
	EndGlobalSection
	GlobalSection(SolutionProperties) = preSolution
		HideSolutionNode = FALSE
	EndGlobalSection
	GlobalSection(ExtensibilityGlobals) = postSolution
		SolutionGuid = {4E7210AF-9BEC-44AD-BE8A-BC62DFEFE5F9}
	EndGlobalSection
EndGlobal
